
Microsoft Visual Studio Solution File, Format Version 12.00
# Visual Studio Version 16
VisualStudioVersion = 16.0.29613.14
MinimumVisualStudioVersion = 10.0.40219.1
Project("{9A19103F-16F7-4668-BE54-9A1E7A4F7556}") = "MyFinance", "MyFinance\MyFinance.csproj", "{29E4A510-285A-4AB4-9BF0-34AF02EA55E7}"
EndProject
Project("{FAE04EC0-301F-11D3-BF4B-00C04F79EFBC}") = "ProjetoTeste", "ProjetoTeste\ProjetoTeste.csproj", "{E2F5BAD5-A6D8-46AA-B28B-58C7F05A348F}"
EndProject
Global
	GlobalSection(SolutionConfigurationPlatforms) = preSolution
		Debug|Any CPU = Debug|Any CPU
		Release|Any CPU = Release|Any CPU
	EndGlobalSection
	GlobalSection(ProjectConfigurationPlatforms) = postSolution
		{29E4A510-285A-4AB4-9BF0-34AF02EA55E7}.Debug|Any CPU.ActiveCfg = Debug|Any CPU
		{29E4A510-285A-4AB4-9BF0-34AF02EA55E7}.Debug|Any CPU.Build.0 = Debug|Any CPU
		{29E4A510-285A-4AB4-9BF0-34AF02EA55E7}.Release|Any CPU.ActiveCfg = Release|Any CPU
		{29E4A510-285A-4AB4-9BF0-34AF02EA55E7}.Release|Any CPU.Build.0 = Release|Any CPU
		{E2F5BAD5-A6D8-46AA-B28B-58C7F05A348F}.Debug|Any CPU.ActiveCfg = Debug|Any CPU
		{E2F5BAD5-A6D8-46AA-B28B-58C7F05A348F}.Debug|Any CPU.Build.0 = Debug|Any CPU
		{E2F5BAD5-A6D8-46AA-B28B-58C7F05A348F}.Release|Any CPU.ActiveCfg = Release|Any CPU
		{E2F5BAD5-A6D8-46AA-B28B-58C7F05A348F}.Release|Any CPU.Build.0 = Release|Any CPU
	EndGlobalSection
	GlobalSection(SolutionProperties) = preSolution
		HideSolutionNode = FALSE
	EndGlobalSection
	GlobalSection(ExtensibilityGlobals) = postSolution
		SolutionGuid = {F7ABA885-A417-4464-9D86-E14C4597550A}
	EndGlobalSection
EndGlobal
